// !$*UTF8*$!
{
	archiveVersion = 1;
	classes = {
	};
	objectVersion = 46;
	objects = {

/* Begin PBXBuildFile section */
		7D9EEA1819B193A100DAAC90 /* Foundation.framework in Frameworks */ = {isa = PBXBuildFile; fileRef = 7D9EEA1719B193A100DAAC90 /* Foundation.framework */; };
		7D9EEA1A19B193A100DAAC90 /* CoreGraphics.framework in Frameworks */ = {isa = PBXBuildFile; fileRef = 7D9EEA1919B193A100DAAC90 /* CoreGraphics.framework */; };
		7D9EEA1C19B193A100DAAC90 /* UIKit.framework in Frameworks */ = {isa = PBXBuildFile; fileRef = 7D9EEA1B19B193A100DAAC90 /* UIKit.framework */; };
		7D9EEA2219B193A100DAAC90 /* InfoPlist.strings in Resources */ = {isa = PBXBuildFile; fileRef = 7D9EEA2019B193A100DAAC90 /* InfoPlist.strings */; };
		7D9EEA2419B193A100DAAC90 /* main.m in Sources */ = {isa = PBXBuildFile; fileRef = 7D9EEA2319B193A100DAAC90 /* main.m */; };
		7D9EEA2819B193A100DAAC90 /* AppDelegate.m in Sources */ = {isa = PBXBuildFile; fileRef = 7D9EEA2719B193A100DAAC90 /* AppDelegate.m */; };
		7D9EEA2B19B193A100DAAC90 /* Main.storyboard in Resources */ = {isa = PBXBuildFile; fileRef = 7D9EEA2919B193A100DAAC90 /* Main.storyboard */; };
		7D9EEA2E19B193A100DAAC90 /* MasterViewController.m in Sources */ = {isa = PBXBuildFile; fileRef = 7D9EEA2D19B193A100DAAC90 /* MasterViewController.m */; };
		7D9EEA3119B193A100DAAC90 /* DetailViewController.m in Sources */ = {isa = PBXBuildFile; fileRef = 7D9EEA3019B193A100DAAC90 /* DetailViewController.m */; };
		7D9EEA3319B193A100DAAC90 /* Images.xcassets in Resources */ = {isa = PBXBuildFile; fileRef = 7D9EEA3219B193A100DAAC90 /* Images.xcassets */; };
		7D9EEA3A19B193A100DAAC90 /* XCTest.framework in Frameworks */ = {isa = PBXBuildFile; fileRef = 7D9EEA3919B193A100DAAC90 /* XCTest.framework */; };
		7D9EEA3B19B193A100DAAC90 /* Foundation.framework in Frameworks */ = {isa = PBXBuildFile; fileRef = 7D9EEA1719B193A100DAAC90 /* Foundation.framework */; };
		7D9EEA3C19B193A100DAAC90 /* UIKit.framework in Frameworks */ = {isa = PBXBuildFile; fileRef = 7D9EEA1B19B193A100DAAC90 /* UIKit.framework */; };
		7D9EEA4419B193A100DAAC90 /* InfoPlist.strings in Resources */ = {isa = PBXBuildFile; fileRef = 7D9EEA4219B193A100DAAC90 /* InfoPlist.strings */; };
		7D9EEA4619B193A100DAAC90 /* _014_08_30NewsReaderTests.m in Sources */ = {isa = PBXBuildFile; fileRef = 7D9EEA4519B193A100DAAC90 /* _014_08_30NewsReaderTests.m */; };
/* End PBXBuildFile section */

/* Begin PBXContainerItemProxy section */
		7D9EEA3D19B193A100DAAC90 /* PBXContainerItemProxy */ = {
			isa = PBXContainerItemProxy;
			containerPortal = 7D9EEA0C19B193A000DAAC90 /* Project object */;
			proxyType = 1;
			remoteGlobalIDString = 7D9EEA1319B193A100DAAC90;
			remoteInfo = "2014-08-30NewsReader";
		};
/* End PBXContainerItemProxy section */

/* Begin PBXFileReference section */
		7D9EEA1419B193A100DAAC90 /* 2014-08-30NewsReader.app */ = {isa = PBXFileReference; explicitFileType = wrapper.application; includeInIndex = 0; path = "2014-08-30NewsReader.app"; sourceTree = BUILT_PRODUCTS_DIR; };
		7D9EEA1719B193A100DAAC90 /* Foundation.framework */ = {isa = PBXFileReference; lastKnownFileType = wrapper.framework; name = Foundation.framework; path = System/Library/Frameworks/Foundation.framework; sourceTree = SDKROOT; };
		7D9EEA1919B193A100DAAC90 /* CoreGraphics.framework */ = {isa = PBXFileReference; lastKnownFileType = wrapper.framework; name = CoreGraphics.framework; path = System/Library/Frameworks/CoreGraphics.framework; sourceTree = SDKROOT; };
		7D9EEA1B19B193A100DAAC90 /* UIKit.framework */ = {isa = PBXFileReference; lastKnownFileType = wrapper.framework; name = UIKit.framework; path = System/Library/Frameworks/UIKit.framework; sourceTree = SDKROOT; };
		7D9EEA1F19B193A100DAAC90 /* 2014-08-30NewsReader-Info.plist */ = {isa = PBXFileReference; lastKnownFileType = text.plist.xml; path = "2014-08-30NewsReader-Info.plist"; sourceTree = "<group>"; };
		7D9EEA2119B193A100DAAC90 /* en */ = {isa = PBXFileReference; lastKnownFileType = text.plist.strings; name = en; path = en.lproj/InfoPlist.strings; sourceTree = "<group>"; };
		7D9EEA2319B193A100DAAC90 /* main.m */ = {isa = PBXFileReference; lastKnownFileType = sourcecode.c.objc; path = main.m; sourceTree = "<group>"; };
		7D9EEA2519B193A100DAAC90 /* 2014-08-30NewsReader-Prefix.pch */ = {isa = PBXFileReference; lastKnownFileType = sourcecode.c.h; path = "2014-08-30NewsReader-Prefix.pch"; sourceTree = "<group>"; };
		7D9EEA2619B193A100DAAC90 /* AppDelegate.h */ = {isa = PBXFileReference; lastKnownFileType = sourcecode.c.h; path = AppDelegate.h; sourceTree = "<group>"; };
		7D9EEA2719B193A100DAAC90 /* AppDelegate.m */ = {isa = PBXFileReference; lastKnownFileType = sourcecode.c.objc; path = AppDelegate.m; sourceTree = "<group>"; };
		7D9EEA2A19B193A100DAAC90 /* Base */ = {isa = PBXFileReference; lastKnownFileType = file.storyboard; name = Base; path = Base.lproj/Main.storyboard; sourceTree = "<group>"; };
		7D9EEA2C19B193A100DAAC90 /* MasterViewController.h */ = {isa = PBXFileReference; lastKnownFileType = sourcecode.c.h; path = MasterViewController.h; sourceTree = "<group>"; };
		7D9EEA2D19B193A100DAAC90 /* MasterViewController.m */ = {isa = PBXFileReference; lastKnownFileType = sourcecode.c.objc; path = MasterViewController.m; sourceTree = "<group>"; };
		7D9EEA2F19B193A100DAAC90 /* DetailViewController.h */ = {isa = PBXFileReference; lastKnownFileType = sourcecode.c.h; path = DetailViewController.h; sourceTree = "<group>"; };
		7D9EEA3019B193A100DAAC90 /* DetailViewController.m */ = {isa = PBXFileReference; lastKnownFileType = sourcecode.c.objc; path = DetailViewController.m; sourceTree = "<group>"; };
		7D9EEA3219B193A100DAAC90 /* Images.xcassets */ = {isa = PBXFileReference; lastKnownFileType = folder.assetcatalog; path = Images.xcassets; sourceTree = "<group>"; };
		7D9EEA3819B193A100DAAC90 /* 2014-08-30NewsReaderTests.xctest */ = {isa = PBXFileReference; explicitFileType = wrapper.cfbundle; includeInIndex = 0; path = "2014-08-30NewsReaderTests.xctest"; sourceTree = BUILT_PRODUCTS_DIR; };
		7D9EEA3919B193A100DAAC90 /* XCTest.framework */ = {isa = PBXFileReference; lastKnownFileType = wrapper.framework; name = XCTest.framework; path = Library/Frameworks/XCTest.framework; sourceTree = DEVELOPER_DIR; };
		7D9EEA4119B193A100DAAC90 /* 2014-08-30NewsReaderTests-Info.plist */ = {isa = PBXFileReference; lastKnownFileType = text.plist.xml; path = "2014-08-30NewsReaderTests-Info.plist"; sourceTree = "<group>"; };
		7D9EEA4319B193A100DAAC90 /* en */ = {isa = PBXFileReference; lastKnownFileType = text.plist.strings; name = en; path = en.lproj/InfoPlist.strings; sourceTree = "<group>"; };
		7D9EEA4519B193A100DAAC90 /* _014_08_30NewsReaderTests.m */ = {isa = PBXFileReference; lastKnownFileType = sourcecode.c.objc; path = _014_08_30NewsReaderTests.m; sourceTree = "<group>"; };
/* End PBXFileReference section */

/* Begin PBXFrameworksBuildPhase section */
		7D9EEA1119B193A100DAAC90 /* Frameworks */ = {
			isa = PBXFrameworksBuildPhase;
			buildActionMask = 2147483647;
			files = (
				7D9EEA1A19B193A100DAAC90 /* CoreGraphics.framework in Frameworks */,
				7D9EEA1C19B193A100DAAC90 /* UIKit.framework in Frameworks */,
				7D9EEA1819B193A100DAAC90 /* Foundation.framework in Frameworks */,
			);
			runOnlyForDeploymentPostprocessing = 0;
		};
		7D9EEA3519B193A100DAAC90 /* Frameworks */ = {
			isa = PBXFrameworksBuildPhase;
			buildActionMask = 2147483647;
			files = (
				7D9EEA3A19B193A100DAAC90 /* XCTest.framework in Frameworks */,
				7D9EEA3C19B193A100DAAC90 /* UIKit.framework in Frameworks */,
				7D9EEA3B19B193A100DAAC90 /* Foundation.framework in Frameworks */,
			);
			runOnlyForDeploymentPostprocessing = 0;
		};
/* End PBXFrameworksBuildPhase section */

/* Begin PBXGroup section */
		7D9EEA0B19B193A000DAAC90 = {
			isa = PBXGroup;
			children = (
				7D9EEA1D19B193A100DAAC90 /* 2014-08-30NewsReader */,
				7D9EEA3F19B193A100DAAC90 /* 2014-08-30NewsReaderTests */,
				7D9EEA1619B193A100DAAC90 /* Frameworks */,
				7D9EEA1519B193A100DAAC90 /* Products */,
			);
			sourceTree = "<group>";
		};
		7D9EEA1519B193A100DAAC90 /* Products */ = {
			isa = PBXGroup;
			children = (
				7D9EEA1419B193A100DAAC90 /* 2014-08-30NewsReader.app */,
				7D9EEA3819B193A100DAAC90 /* 2014-08-30NewsReaderTests.xctest */,
			);
			name = Products;
			sourceTree = "<group>";
		};
		7D9EEA1619B193A100DAAC90 /* Frameworks */ = {
			isa = PBXGroup;
			children = (
				7D9EEA1719B193A100DAAC90 /* Foundation.framework */,
				7D9EEA1919B193A100DAAC90 /* CoreGraphics.framework */,
				7D9EEA1B19B193A100DAAC90 /* UIKit.framework */,
				7D9EEA3919B193A100DAAC90 /* XCTest.framework */,
			);
			name = Frameworks;
			sourceTree = "<group>";
		};
		7D9EEA1D19B193A100DAAC90 /* 2014-08-30NewsReader */ = {
			isa = PBXGroup;
			children = (
				7D9EEA2619B193A100DAAC90 /* AppDelegate.h */,
				7D9EEA2719B193A100DAAC90 /* AppDelegate.m */,
				7D9EEA2919B193A100DAAC90 /* Main.storyboard */,
				7D9EEA2C19B193A100DAAC90 /* MasterViewController.h */,
				7D9EEA2D19B193A100DAAC90 /* MasterViewController.m */,
				7D9EEA2F19B193A100DAAC90 /* DetailViewController.h */,
				7D9EEA3019B193A100DAAC90 /* DetailViewController.m */,
				7D9EEA3219B193A100DAAC90 /* Images.xcassets */,
				7D9EEA1E19B193A100DAAC90 /* Supporting Files */,
			);
			path = "2014-08-30NewsReader";
			sourceTree = "<group>";
		};
		7D9EEA1E19B193A100DAAC90 /* Supporting Files */ = {
			isa = PBXGroup;
			children = (
				7D9EEA1F19B193A100DAAC90 /* 2014-08-30NewsReader-Info.plist */,
				7D9EEA2019B193A100DAAC90 /* InfoPlist.strings */,
				7D9EEA2319B193A100DAAC90 /* main.m */,
				7D9EEA2519B193A100DAAC90 /* 2014-08-30NewsReader-Prefix.pch */,
			);
			name = "Supporting Files";
			sourceTree = "<group>";
		};
		7D9EEA3F19B193A100DAAC90 /* 2014-08-30NewsReaderTests */ = {
			isa = PBXGroup;
			children = (
				7D9EEA4519B193A100DAAC90 /* _014_08_30NewsReaderTests.m */,
				7D9EEA4019B193A100DAAC90 /* Supporting Files */,
			);
			path = "2014-08-30NewsReaderTests";
			sourceTree = "<group>";
		};
		7D9EEA4019B193A100DAAC90 /* Supporting Files */ = {
			isa = PBXGroup;
			children = (
				7D9EEA4119B193A100DAAC90 /* 2014-08-30NewsReaderTests-Info.plist */,
				7D9EEA4219B193A100DAAC90 /* InfoPlist.strings */,
			);
			name = "Supporting Files";
			sourceTree = "<group>";
		};
/* End PBXGroup section */

/* Begin PBXNativeTarget section */
		7D9EEA1319B193A100DAAC90 /* 2014-08-30NewsReader */ = {
			isa = PBXNativeTarget;
			buildConfigurationList = 7D9EEA4919B193A100DAAC90 /* Build configuration list for PBXNativeTarget "2014-08-30NewsReader" */;
			buildPhases = (
				7D9EEA1019B193A100DAAC90 /* Sources */,
				7D9EEA1119B193A100DAAC90 /* Frameworks */,
				7D9EEA1219B193A100DAAC90 /* Resources */,
			);
			buildRules = (
			);
			dependencies = (
			);
			name = "2014-08-30NewsReader";
			productName = "2014-08-30NewsReader";
			productReference = 7D9EEA1419B193A100DAAC90 /* 2014-08-30NewsReader.app */;
			productType = "com.apple.product-type.application";
		};
		7D9EEA3719B193A100DAAC90 /* 2014-08-30NewsReaderTests */ = {
			isa = PBXNativeTarget;
			buildConfigurationList = 7D9EEA4C19B193A100DAAC90 /* Build configuration list for PBXNativeTarget "2014-08-30NewsReaderTests" */;
			buildPhases = (
				7D9EEA3419B193A100DAAC90 /* Sources */,
				7D9EEA3519B193A100DAAC90 /* Frameworks */,
				7D9EEA3619B193A100DAAC90 /* Resources */,
			);
			buildRules = (
			);
			dependencies = (
				7D9EEA3E19B193A100DAAC90 /* PBXTargetDependency */,
			);
			name = "2014-08-30NewsReaderTests";
			productName = "2014-08-30NewsReaderTests";
			productReference = 7D9EEA3819B193A100DAAC90 /* 2014-08-30NewsReaderTests.xctest */;
			productType = "com.apple.product-type.bundle.unit-test";
		};
/* End PBXNativeTarget section */

/* Begin PBXProject section */
		7D9EEA0C19B193A000DAAC90 /* Project object */ = {
			isa = PBXProject;
			attributes = {
				LastUpgradeCheck = 0510;
				ORGANIZATIONNAME = "kotepe factory";
				TargetAttributes = {
					7D9EEA3719B193A100DAAC90 = {
						TestTargetID = 7D9EEA1319B193A100DAAC90;
					};
				};
			};
			buildConfigurationList = 7D9EEA0F19B193A000DAAC90 /* Build configuration list for PBXProject "2014-08-30NewsReader" */;
			compatibilityVersion = "Xcode 3.2";
			developmentRegion = English;
			hasScannedForEncodings = 0;
			knownRegions = (
				en,
				Base,
			);
			mainGroup = 7D9EEA0B19B193A000DAAC90;
			productRefGroup = 7D9EEA1519B193A100DAAC90 /* Products */;
			projectDirPath = "";
			projectRoot = "";
			targets = (
				7D9EEA1319B193A100DAAC90 /* 2014-08-30NewsReader */,
				7D9EEA3719B193A100DAAC90 /* 2014-08-30NewsReaderTests */,
			);
		};
/* End PBXProject section */

/* Begin PBXResourcesBuildPhase section */
		7D9EEA1219B193A100DAAC90 /* Resources */ = {
			isa = PBXResourcesBuildPhase;
			buildActionMask = 2147483647;
			files = (
				7D9EEA3319B193A100DAAC90 /* Images.xcassets in Resources */,
				7D9EEA2219B193A100DAAC90 /* InfoPlist.strings in Resources */,
				7D9EEA2B19B193A100DAAC90 /* Main.storyboard in Resources */,
			);
			runOnlyForDeploymentPostprocessing = 0;
		};
		7D9EEA3619B193A100DAAC90 /* Resources */ = {
			isa = PBXResourcesBuildPhase;
			buildActionMask = 2147483647;
			files = (
				7D9EEA4419B193A100DAAC90 /* InfoPlist.strings in Resources */,
			);
			runOnlyForDeploymentPostprocessing = 0;
		};
/* End PBXResourcesBuildPhase section */

/* Begin PBXSourcesBuildPhase section */
		7D9EEA1019B193A100DAAC90 /* Sources */ = {
			isa = PBXSourcesBuildPhase;
			buildActionMask = 2147483647;
			files = (
				7D9EEA2819B193A100DAAC90 /* AppDelegate.m in Sources */,
				7D9EEA2E19B193A100DAAC90 /* MasterViewController.m in Sources */,
				7D9EEA2419B193A100DAAC90 /* main.m in Sources */,
				7D9EEA3119B193A100DAAC90 /* DetailViewController.m in Sources */,
			);
			runOnlyForDeploymentPostprocessing = 0;
		};
		7D9EEA3419B193A100DAAC90 /* Sources */ = {
			isa = PBXSourcesBuildPhase;
			buildActionMask = 2147483647;
			files = (
				7D9EEA4619B193A100DAAC90 /* _014_08_30NewsReaderTests.m in Sources */,
			);
			runOnlyForDeploymentPostprocessing = 0;
		};
/* End PBXSourcesBuildPhase section */

/* Begin PBXTargetDependency section */
		7D9EEA3E19B193A100DAAC90 /* PBXTargetDependency */ = {
			isa = PBXTargetDependency;
			target = 7D9EEA1319B193A100DAAC90 /* 2014-08-30NewsReader */;
			targetProxy = 7D9EEA3D19B193A100DAAC90 /* PBXContainerItemProxy */;
		};
/* End PBXTargetDependency section */

/* Begin PBXVariantGroup section */
		7D9EEA2019B193A100DAAC90 /* InfoPlist.strings */ = {
			isa = PBXVariantGroup;
			children = (
				7D9EEA2119B193A100DAAC90 /* en */,
			);
			name = InfoPlist.strings;
			sourceTree = "<group>";
		};
		7D9EEA2919B193A100DAAC90 /* Main.storyboard */ = {
			isa = PBXVariantGroup;
			children = (
				7D9EEA2A19B193A100DAAC90 /* Base */,
			);
			name = Main.storyboard;
			sourceTree = "<group>";
		};
		7D9EEA4219B193A100DAAC90 /* InfoPlist.strings */ = {
			isa = PBXVariantGroup;
			children = (
				7D9EEA4319B193A100DAAC90 /* en */,
			);
			name = InfoPlist.strings;
			sourceTree = "<group>";
		};
/* End PBXVariantGroup section */

/* Begin XCBuildConfiguration section */
		7D9EEA4719B193A100DAAC90 /* Debug */ = {
			isa = XCBuildConfiguration;
			buildSettings = {
				ALWAYS_SEARCH_USER_PATHS = NO;
				CLANG_CXX_LANGUAGE_STANDARD = "gnu++0x";
				CLANG_CXX_LIBRARY = "libc++";
				CLANG_ENABLE_MODULES = YES;
				CLANG_ENABLE_OBJC_ARC = YES;
				CLANG_WARN_BOOL_CONVERSION = YES;
				CLANG_WARN_CONSTANT_CONVERSION = YES;
				CLANG_WARN_DIRECT_OBJC_ISA_USAGE = YES_ERROR;
				CLANG_WARN_EMPTY_BODY = YES;
				CLANG_WARN_ENUM_CONVERSION = YES;
				CLANG_WARN_INT_CONVERSION = YES;
				CLANG_WARN_OBJC_ROOT_CLASS = YES_ERROR;
				CLANG_WARN__DUPLICATE_METHOD_MATCH = YES;
				"CODE_SIGN_IDENTITY[sdk=iphoneos*]" = "iPhone Developer";
				COPY_PHASE_STRIP = NO;
				GCC_C_LANGUAGE_STANDARD = gnu99;
				GCC_DYNAMIC_NO_PIC = NO;
				GCC_OPTIMIZATION_LEVEL = 0;
				GCC_PREPROCESSOR_DEFINITIONS = (
					"DEBUG=1",
					"$(inherited)",
				);
				GCC_SYMBOLS_PRIVATE_EXTERN = NO;
				GCC_WARN_64_TO_32_BIT_CONVERSION = YES;
				GCC_WARN_ABOUT_RETURN_TYPE = YES_ERROR;
				GCC_WARN_UNDECLARED_SELECTOR = YES;
				GCC_WARN_UNINITIALIZED_AUTOS = YES_AGGRESSIVE;
				GCC_WARN_UNUSED_FUNCTION = YES;
				GCC_WARN_UNUSED_VARIABLE = YES;
				IPHONEOS_DEPLOYMENT_TARGET = 7.1;
				ONLY_ACTIVE_ARCH = YES;
				SDKROOT = iphoneos;
			};
			name = Debug;
		};
		7D9EEA4819B193A100DAAC90 /* Release */ = {
			isa = XCBuildConfiguration;
			buildSettings = {
				ALWAYS_SEARCH_USER_PATHS = NO;
				CLANG_CXX_LANGUAGE_STANDARD = "gnu++0x";
				CLANG_CXX_LIBRARY = "libc++";
				CLANG_ENABLE_MODULES = YES;
				CLANG_ENABLE_OBJC_ARC = YES;
				CLANG_WARN_BOOL_CONVERSION = YES;
				CLANG_WARN_CONSTANT_CONVERSION = YES;
				CLANG_WARN_DIRECT_OBJC_ISA_USAGE = YES_ERROR;
				CLANG_WARN_EMPTY_BODY = YES;
				CLANG_WARN_ENUM_CONVERSION = YES;
				CLANG_WARN_INT_CONVERSION = YES;
				CLANG_WARN_OBJC_ROOT_CLASS = YES_ERROR;
				CLANG_WARN__DUPLICATE_METHOD_MATCH = YES;
				"CODE_SIGN_IDENTITY[sdk=iphoneos*]" = "iPhone Developer";
				COPY_PHASE_STRIP = YES;
				ENABLE_NS_ASSERTIONS = NO;
				GCC_C_LANGUAGE_STANDARD = gnu99;
				GCC_WARN_64_TO_32_BIT_CONVERSION = YES;
				GCC_WARN_ABOUT_RETURN_TYPE = YES_ERROR;
				GCC_WARN_UNDECLARED_SELECTOR = YES;
				GCC_WARN_UNINITIALIZED_AUTOS = YES_AGGRESSIVE;
				GCC_WARN_UNUSED_FUNCTION = YES;
				GCC_WARN_UNUSED_VARIABLE = YES;
				IPHONEOS_DEPLOYMENT_TARGET = 7.1;
				SDKROOT = iphoneos;
				VALIDATE_PRODUCT = YES;
			};
			name = Release;
		};
		7D9EEA4A19B193A100DAAC90 /* Debug */ = {
			isa = XCBuildConfiguration;
			buildSettings = {
				ASSETCATALOG_COMPILER_APPICON_NAME = AppIcon;
				ASSETCATALOG_COMPILER_LAUNCHIMAGE_NAME = LaunchImage;
				GCC_PRECOMPILE_PREFIX_HEADER = YES;
				GCC_PREFIX_HEADER = "2014-08-30NewsReader/2014-08-30NewsReader-Prefix.pch";
				INFOPLIST_FILE = "2014-08-30NewsReader/2014-08-30NewsReader-Info.plist";
				PRODUCT_NAME = "$(TARGET_NAME)";
				WRAPPER_EXTENSION = app;
			};
			name = Debug;
		};
		7D9EEA4B19B193A100DAAC90 /* Release */ = {
			isa = XCBuildConfiguration;
			buildSettings = {
				ASSETCATALOG_COMPILER_APPICON_NAME = AppIcon;
				ASSETCATALOG_COMPILER_LAUNCHIMAGE_NAME = LaunchImage;
				GCC_PRECOMPILE_PREFIX_HEADER = YES;
				GCC_PREFIX_HEADER = "2014-08-30NewsReader/2014-08-30NewsReader-Prefix.pch";
				INFOPLIST_FILE = "2014-08-30NewsReader/2014-08-30NewsReader-Info.plist";
				PRODUCT_NAME = "$(TARGET_NAME)";
				WRAPPER_EXTENSION = app;
			};
			name = Release;
		};
		7D9EEA4D19B193A100DAAC90 /* Debug */ = {
			isa = XCBuildConfiguration;
			buildSettings = {
				BUNDLE_LOADER = "$(BUILT_PRODUCTS_DIR)/2014-08-30NewsReader.app/2014-08-30NewsReader";
				FRAMEWORK_SEARCH_PATHS = (
					"$(SDKROOT)/Developer/Library/Frameworks",
					"$(inherited)",
					"$(DEVELOPER_FRAMEWORKS_DIR)",
				);
				GCC_PRECOMPILE_PREFIX_HEADER = YES;
				GCC_PREFIX_HEADER = "2014-08-30NewsReader/2014-08-30NewsReader-Prefix.pch";
				GCC_PREPROCESSOR_DEFINITIONS = (
					"DEBUG=1",
					"$(inherited)",
				);
				INFOPLIST_FILE = "2014-08-30NewsReaderTests/2014-08-30NewsReaderTests-Info.plist";
				PRODUCT_NAME = "$(TARGET_NAME)";
				TEST_HOST = "$(BUNDLE_LOADER)";
				WRAPPER_EXTENSION = xctest;
			};
			name = Debug;
		};
		7D9EEA4E19B193A100DAAC90 /* Release */ = {
			isa = XCBuildConfiguration;
			buildSettings = {
				BUNDLE_LOADER = "$(BUILT_PRODUCTS_DIR)/2014-08-30NewsReader.app/2014-08-30NewsReader";
				FRAMEWORK_SEARCH_PATHS = (
					"$(SDKROOT)/Developer/Library/Frameworks",
					"$(inherited)",
					"$(DEVELOPER_FRAMEWORKS_DIR)",
				);
				GCC_PRECOMPILE_PREFIX_HEADER = YES;
				GCC_PREFIX_HEADER = "2014-08-30NewsReader/2014-08-30NewsReader-Prefix.pch";
				INFOPLIST_FILE = "2014-08-30NewsReaderTests/2014-08-30NewsReaderTests-Info.plist";
				PRODUCT_NAME = "$(TARGET_NAME)";
				TEST_HOST = "$(BUNDLE_LOADER)";
				WRAPPER_EXTENSION = xctest;
			};
			name = Release;
		};
/* End XCBuildConfiguration section */

/* Begin XCConfigurationList section */
		7D9EEA0F19B193A000DAAC90 /* Build configuration list for PBXProject "2014-08-30NewsReader" */ = {
			isa = XCConfigurationList;
			buildConfigurations = (
				7D9EEA4719B193A100DAAC90 /* Debug */,
				7D9EEA4819B193A100DAAC90 /* Release */,
			);
			defaultConfigurationIsVisible = 0;
			defaultConfigurationName = Release;
		};
		7D9EEA4919B193A100DAAC90 /* Build configuration list for PBXNativeTarget "2014-08-30NewsReader" */ = {
			isa = XCConfigurationList;
			buildConfigurations = (
				7D9EEA4A19B193A100DAAC90 /* Debug */,
				7D9EEA4B19B193A100DAAC90 /* Release */,
			);
			defaultConfigurationIsVisible = 0;
		};
		7D9EEA4C19B193A100DAAC90 /* Build configuration list for PBXNativeTarget "2014-08-30NewsReaderTests" */ = {
			isa = XCConfigurationList;
			buildConfigurations = (
				7D9EEA4D19B193A100DAAC90 /* Debug */,
				7D9EEA4E19B193A100DAAC90 /* Release */,
			);
			defaultConfigurationIsVisible = 0;
		};
/* End XCConfigurationList section */
	};
	rootObject = 7D9EEA0C19B193A000DAAC90 /* Project object */;
}
